
Microsoft Visual Studio Solution File, Format Version 12.00
# Visual Studio Version 17
VisualStudioVersion = 17.1.32421.90
MinimumVisualStudioVersion = 10.0.40219.1
Project("{FAE04EC0-301F-11D3-BF4B-00C04F79EFBC}") = "LiquidWebApp", "LiquidWebApp\LiquidWebApp.csproj", "{1B1CBB10-5E82-4EA0-AE0A-67A7E6CB2828}"
EndProject
Project("{FAE04EC0-301F-11D3-BF4B-00C04F79EFBC}") = "LiquidCore", "LiquidCore\LiquidCore.csproj", "{015A6F6A-DB88-4622-9415-28A2A1184714}"
EndProject
Project("{FAE04EC0-301F-11D3-BF4B-00C04F79EFBC}") = "LiquidRepositories", "LiquidRepositories\LiquidRepositories.csproj", "{7FB5049A-1A33-4AE3-A5B5-758BD68BAB9E}"
EndProject
Global
	GlobalSection(SolutionConfigurationPlatforms) = preSolution
		Debug|Any CPU = Debug|Any CPU
		Release|Any CPU = Release|Any CPU
	EndGlobalSection
	GlobalSection(ProjectConfigurationPlatforms) = postSolution
		{1B1CBB10-5E82-4EA0-AE0A-67A7E6CB2828}.Debug|Any CPU.ActiveCfg = Debug|Any CPU
		{1B1CBB10-5E82-4EA0-AE0A-67A7E6CB2828}.Debug|Any CPU.Build.0 = Debug|Any CPU
		{1B1CBB10-5E82-4EA0-AE0A-67A7E6CB2828}.Release|Any CPU.ActiveCfg = Release|Any CPU
		{1B1CBB10-5E82-4EA0-AE0A-67A7E6CB2828}.Release|Any CPU.Build.0 = Release|Any CPU
		{015A6F6A-DB88-4622-9415-28A2A1184714}.Debug|Any CPU.ActiveCfg = Debug|Any CPU
		{015A6F6A-DB88-4622-9415-28A2A1184714}.Debug|Any CPU.Build.0 = Debug|Any CPU
		{015A6F6A-DB88-4622-9415-28A2A1184714}.Release|Any CPU.ActiveCfg = Release|Any CPU
		{015A6F6A-DB88-4622-9415-28A2A1184714}.Release|Any CPU.Build.0 = Release|Any CPU
		{7FB5049A-1A33-4AE3-A5B5-758BD68BAB9E}.Debug|Any CPU.ActiveCfg = Debug|Any CPU
		{7FB5049A-1A33-4AE3-A5B5-758BD68BAB9E}.Debug|Any CPU.Build.0 = Debug|Any CPU
		{7FB5049A-1A33-4AE3-A5B5-758BD68BAB9E}.Release|Any CPU.ActiveCfg = Release|Any CPU
		{7FB5049A-1A33-4AE3-A5B5-758BD68BAB9E}.Release|Any CPU.Build.0 = Release|Any CPU
	EndGlobalSection
	GlobalSection(SolutionProperties) = preSolution
		HideSolutionNode = FALSE
	EndGlobalSection
	GlobalSection(ExtensibilityGlobals) = postSolution
		SolutionGuid = {46DA8473-BF53-4D45-9E05-0E69D8E47739}
	EndGlobalSection
EndGlobal
